
Microsoft Visual Studio Solution File, Format Version 12.00
# Visual Studio Version 17
VisualStudioVersion = 17.14.36221.1
MinimumVisualStudioVersion = 10.0.40219.1
Project("{FAE04EC0-301F-11D3-BF4B-00C04F79EFBC}") = "ApiTemplate.Business", "ApiTemplate.Business\ApiTemplate.Business.csproj", "{07AC6BFB-A99D-431D-A0AE-05B255856988}"
EndProject
Project("{FAE04EC0-301F-11D3-BF4B-00C04F79EFBC}") = "ApiTemplate.Model", "ApiTemplate.Model\ApiTemplate.Model.csproj", "{37FD67CB-D1DD-43A4-AD9B-3DB807CDC16A}"
EndProject
Project("{FAE04EC0-301F-11D3-BF4B-00C04F79EFBC}") = "ApiTemplate.Web", "ApiTemplate.Web\ApiTemplate.Web.csproj", "{DFF1251A-2314-4043-8B4F-8852945B4D71}"
EndProject
Global
	GlobalSection(SolutionConfigurationPlatforms) = preSolution
		Debug|Any CPU = Debug|Any CPU
		Release|Any CPU = Release|Any CPU
	EndGlobalSection
	GlobalSection(ProjectConfigurationPlatforms) = postSolution
		{07AC6BFB-A99D-431D-A0AE-05B255856988}.Debug|Any CPU.ActiveCfg = Debug|Any CPU
		{07AC6BFB-A99D-431D-A0AE-05B255856988}.Debug|Any CPU.Build.0 = Debug|Any CPU
		{07AC6BFB-A99D-431D-A0AE-05B255856988}.Release|Any CPU.ActiveCfg = Release|Any CPU
		{07AC6BFB-A99D-431D-A0AE-05B255856988}.Release|Any CPU.Build.0 = Release|Any CPU
		{37FD67CB-D1DD-43A4-AD9B-3DB807CDC16A}.Debug|Any CPU.ActiveCfg = Debug|Any CPU
		{37FD67CB-D1DD-43A4-AD9B-3DB807CDC16A}.Debug|Any CPU.Build.0 = Debug|Any CPU
		{37FD67CB-D1DD-43A4-AD9B-3DB807CDC16A}.Release|Any CPU.ActiveCfg = Release|Any CPU
		{37FD67CB-D1DD-43A4-AD9B-3DB807CDC16A}.Release|Any CPU.Build.0 = Release|Any CPU
		{DFF1251A-2314-4043-8B4F-8852945B4D71}.Debug|Any CPU.ActiveCfg = Debug|Any CPU
		{DFF1251A-2314-4043-8B4F-8852945B4D71}.Debug|Any CPU.Build.0 = Debug|Any CPU
		{DFF1251A-2314-4043-8B4F-8852945B4D71}.Release|Any CPU.ActiveCfg = Release|Any CPU
		{DFF1251A-2314-4043-8B4F-8852945B4D71}.Release|Any CPU.Build.0 = Release|Any CPU
	EndGlobalSection
	GlobalSection(SolutionProperties) = preSolution
		HideSolutionNode = FALSE
	EndGlobalSection
	GlobalSection(ExtensibilityGlobals) = postSolution
		SolutionGuid = {A62103C4-592A-4FCE-BDDD-B8E3291FD77A}
	EndGlobalSection
EndGlobal
