{
  "name": "ApiTemplate",
  "lockfileVersion": 3,
  "requires": true,
  "packages": {
    "": {
      "dependencies": {
        "react-photo-album": "^3.1.0"
      }
    },
    "node_modules/react": {
      "version": "19.1.0",
      "resolved": "https://registry.npmjs.org/react/-/react-19.1.0.tgz",
      "integrity": "sha512-FS+XFBNvn3GTAWq26joslQgWNoFu08F4kl0J4CgdNKADkdSGXQyTCnKteIAJy96Br6YbpEU1LSzV5dYtjMkMDg==",
      "license": "MIT",
      "peer": true,
      "engines": {
        "node": ">=0.10.0"
      }
    },
    "node_modules/react-photo-album": {
      "version": "3.1.0",
      "resolved": "https://registry.npmjs.org/react-photo-album/-/react-photo-album-3.1.0.tgz",
      "integrity": "sha512-9PiWzwvckfefJRHY5E6kcNKoWNjyyFKhQ6Pl5nS1Z29QeP9h8zDOAoVQKWcv/AhZjRoduw1dybu9RNMj0+uPzQ==",
      "license": "MIT",
      "engines": {
        "node": ">=18"
      },
      "peerDependencies": {
        "@types/react": "^18 || ^19",
        "react": "^18 || ^19"
      },
      "peerDependenciesMeta": {
        "@types/react": {
          "optional": true
        }
      }
    }
  }
}
